
Microsoft Visual Studio Solution File, Format Version 12.00
# Visual Studio Version 17
VisualStudioVersion = 17.0.31919.166
MinimumVisualStudioVersion = 10.0.40219.1
Project("{FAE04EC0-301F-11D3-BF4B-00C04F79EFBC}") = "WikitekMotorCycleMechanik.UWP", "WikitekMotorCycleMechanik\WikitekMotorCycleMechanik.UWP\WikitekMotorCycleMechanik.UWP.csproj", "{8939C0A9-3712-4654-B7C1-D3E5239FD527}"
EndProject
Project("{FAE04EC0-301F-11D3-BF4B-00C04F79EFBC}") = "WikitekMotorCycleMechanik.Android", "WikitekMotorCycleMechanik\WikitekMotorCycleMechanik.Android\WikitekMotorCycleMechanik.Android.csproj", "{3C8A048B-C1BA-4CB9-9B7B-E7BE086CC206}"
EndProject
Project("{FAE04EC0-301F-11D3-BF4B-00C04F79EFBC}") = "WikitekMotorCycleMechanik.iOS", "WikitekMotorCycleMechanik\WikitekMotorCycleMechanik.iOS\WikitekMotorCycleMechanik.iOS.csproj", "{0C86D22A-6855-4C9A-A295-5E14B9A8607B}"
EndProject
Project("{9A19103F-16F7-4668-BE54-9A1E7A4F7556}") = "WikitekMotorCycleMechanik", "WikitekMotorCycleMechanik\WikitekMotorCycleMechanik\WikitekMotorCycleMechanik.csproj", "{741A0A9E-344C-469B-AAAE-2C916E6D86B1}"
EndProject
Project("{FAE04EC0-301F-11D3-BF4B-00C04F79EFBC}") = "APDiagnosticAndroid", "APDiagnosticAndroid\APDiagnosticAndroid.csproj", "{7A628404-EC3A-4DAD-A8A5-D20716B54BB6}"
EndProject
Project("{FAE04EC0-301F-11D3-BF4B-00C04F79EFBC}") = "APDiagnosticsAndroid24", "APDiagnosticsAndroid24\APDiagnosticsAndroid24.csproj", "{66AC323C-16BB-4069-84DC-E669EEE6FD97}"
EndProject
Project("{FAE04EC0-301F-11D3-BF4B-00C04F79EFBC}") = "APDongleCommAndroid", "APDongleCommAndroid\APDongleCommAndroid.csproj", "{4A3C93A4-1E9D-4EB8-AC7C-A977D62583DE}"
EndProject
Project("{9A19103F-16F7-4668-BE54-9A1E7A4F7556}") = "AutoELM327", "AutoELM327\AutoELM327.csproj", "{83C285B7-1913-490A-8694-3651ADF02943}"
EndProject
Project("{9A19103F-16F7-4668-BE54-9A1E7A4F7556}") = "ECUSeedkeyPCL", "ECUSeedkeyPCL\ECUSeedkeyPCL.csproj", "{3A7D4A97-A1F4-4E42-8CE9-DC5F4B157FE5}"
EndProject
Project("{FAE04EC0-301F-11D3-BF4B-00C04F79EFBC}") = "PaymentLibrary", "PaymentLibrary\PaymentLibrary.csproj", "{7B096578-8C07-4D8F-A9D9-9207E82DA0DB}"
EndProject
Project("{9A19103F-16F7-4668-BE54-9A1E7A4F7556}") = "MultiEventControllerElement", "MultiEventControllerElement\MultiEventControllerElement.csproj", "{A63E4BA8-02D9-4EE4-A68D-AC500C6D2F47}"
EndProject
Global
	GlobalSection(SolutionConfigurationPlatforms) = preSolution
		Debug|Any CPU = Debug|Any CPU
		Debug|ARM = Debug|ARM
		Debug|iPhone = Debug|iPhone
		Debug|iPhoneSimulator = Debug|iPhoneSimulator
		Debug|x64 = Debug|x64
		Debug|x86 = Debug|x86
		Release|Any CPU = Release|Any CPU
		Release|ARM = Release|ARM
		Release|iPhone = Release|iPhone
		Release|iPhoneSimulator = Release|iPhoneSimulator
		Release|x64 = Release|x64
		Release|x86 = Release|x86
	EndGlobalSection
	GlobalSection(ProjectConfigurationPlatforms) = postSolution
		{8939C0A9-3712-4654-B7C1-D3E5239FD527}.Debug|Any CPU.ActiveCfg = Debug|x86
		{8939C0A9-3712-4654-B7C1-D3E5239FD527}.Debug|Any CPU.Build.0 = Debug|x86
		{8939C0A9-3712-4654-B7C1-D3E5239FD527}.Debug|Any CPU.Deploy.0 = Debug|x86
		{8939C0A9-3712-4654-B7C1-D3E5239FD527}.Debug|ARM.ActiveCfg = Debug|ARM
		{8939C0A9-3712-4654-B7C1-D3E5239FD527}.Debug|ARM.Build.0 = Debug|ARM
		{8939C0A9-3712-4654-B7C1-D3E5239FD527}.Debug|ARM.Deploy.0 = Debug|ARM
		{8939C0A9-3712-4654-B7C1-D3E5239FD527}.Debug|iPhone.ActiveCfg = Debug|x86
		{8939C0A9-3712-4654-B7C1-D3E5239FD527}.Debug|iPhone.Build.0 = Debug|x86
		{8939C0A9-3712-4654-B7C1-D3E5239FD527}.Debug|iPhone.Deploy.0 = Debug|x86
		{8939C0A9-3712-4654-B7C1-D3E5239FD527}.Debug|iPhoneSimulator.ActiveCfg = Debug|x86
		{8939C0A9-3712-4654-B7C1-D3E5239FD527}.Debug|iPhoneSimulator.Build.0 = Debug|x86
		{8939C0A9-3712-4654-B7C1-D3E5239FD527}.Debug|iPhoneSimulator.Deploy.0 = Debug|x86
		{8939C0A9-3712-4654-B7C1-D3E5239FD527}.Debug|x64.ActiveCfg = Debug|x64
		{8939C0A9-3712-4654-B7C1-D3E5239FD527}.Debug|x64.Build.0 = Debug|x64
		{8939C0A9-3712-4654-B7C1-D3E5239FD527}.Debug|x64.Deploy.0 = Debug|x64
		{8939C0A9-3712-4654-B7C1-D3E5239FD527}.Debug|x86.ActiveCfg = Debug|x86
		{8939C0A9-3712-4654-B7C1-D3E5239FD527}.Debug|x86.Build.0 = Debug|x86
		{8939C0A9-3712-4654-B7C1-D3E5239FD527}.Debug|x86.Deploy.0 = Debug|x86
		{8939C0A9-3712-4654-B7C1-D3E5239FD527}.Release|Any CPU.ActiveCfg = Release|x86
		{8939C0A9-3712-4654-B7C1-D3E5239FD527}.Release|Any CPU.Build.0 = Release|x86
		{8939C0A9-3712-4654-B7C1-D3E5239FD527}.Release|Any CPU.Deploy.0 = Release|x86
		{8939C0A9-3712-4654-B7C1-D3E5239FD527}.Release|ARM.ActiveCfg = Release|ARM
		{8939C0A9-3712-4654-B7C1-D3E5239FD527}.Release|ARM.Build.0 = Release|ARM
		{8939C0A9-3712-4654-B7C1-D3E5239FD527}.Release|ARM.Deploy.0 = Release|ARM
		{8939C0A9-3712-4654-B7C1-D3E5239FD527}.Release|iPhone.ActiveCfg = Release|x86
		{8939C0A9-3712-4654-B7C1-D3E5239FD527}.Release|iPhone.Build.0 = Release|x86
		{8939C0A9-3712-4654-B7C1-D3E5239FD527}.Release|iPhone.Deploy.0 = Release|x86
		{8939C0A9-3712-4654-B7C1-D3E5239FD527}.Release|iPhoneSimulator.ActiveCfg = Release|x86
		{8939C0A9-3712-4654-B7C1-D3E5239FD527}.Release|iPhoneSimulator.Build.0 = Release|x86
		{8939C0A9-3712-4654-B7C1-D3E5239FD527}.Release|iPhoneSimulator.Deploy.0 = Release|x86
		{8939C0A9-3712-4654-B7C1-D3E5239FD527}.Release|x64.ActiveCfg = Release|x64
		{8939C0A9-3712-4654-B7C1-D3E5239FD527}.Release|x64.Build.0 = Release|x64
		{8939C0A9-3712-4654-B7C1-D3E5239FD527}.Release|x64.Deploy.0 = Release|x64
		{8939C0A9-3712-4654-B7C1-D3E5239FD527}.Release|x86.ActiveCfg = Release|x86
		{8939C0A9-3712-4654-B7C1-D3E5239FD527}.Release|x86.Build.0 = Release|x86
		{8939C0A9-3712-4654-B7C1-D3E5239FD527}.Release|x86.Deploy.0 = Release|x86
		{3C8A048B-C1BA-4CB9-9B7B-E7BE086CC206}.Debug|Any CPU.ActiveCfg = Debug|Any CPU
		{3C8A048B-C1BA-4CB9-9B7B-E7BE086CC206}.Debug|Any CPU.Build.0 = Debug|Any CPU
		{3C8A048B-C1BA-4CB9-9B7B-E7BE086CC206}.Debug|Any CPU.Deploy.0 = Debug|Any CPU
		{3C8A048B-C1BA-4CB9-9B7B-E7BE086CC206}.Debug|ARM.ActiveCfg = Debug|Any CPU
		{3C8A048B-C1BA-4CB9-9B7B-E7BE086CC206}.Debug|ARM.Build.0 = Debug|Any CPU
		{3C8A048B-C1BA-4CB9-9B7B-E7BE086CC206}.Debug|ARM.Deploy.0 = Debug|Any CPU
		{3C8A048B-C1BA-4CB9-9B7B-E7BE086CC206}.Debug|iPhone.ActiveCfg = Debug|Any CPU
		{3C8A048B-C1BA-4CB9-9B7B-E7BE086CC206}.Debug|iPhone.Build.0 = Debug|Any CPU
		{3C8A048B-C1BA-4CB9-9B7B-E7BE086CC206}.Debug|iPhone.Deploy.0 = Debug|Any CPU
		{3C8A048B-C1BA-4CB9-9B7B-E7BE086CC206}.Debug|iPhoneSimulator.ActiveCfg = Debug|Any CPU
		{3C8A048B-C1BA-4CB9-9B7B-E7BE086CC206}.Debug|iPhoneSimulator.Build.0 = Debug|Any CPU
		{3C8A048B-C1BA-4CB9-9B7B-E7BE086CC206}.Debug|iPhoneSimulator.Deploy.0 = Debug|Any CPU
		{3C8A048B-C1BA-4CB9-9B7B-E7BE086CC206}.Debug|x64.ActiveCfg = Debug|Any CPU
		{3C8A048B-C1BA-4CB9-9B7B-E7BE086CC206}.Debug|x64.Build.0 = Debug|Any CPU
		{3C8A048B-C1BA-4CB9-9B7B-E7BE086CC206}.Debug|x64.Deploy.0 = Debug|Any CPU
		{3C8A048B-C1BA-4CB9-9B7B-E7BE086CC206}.Debug|x86.ActiveCfg = Debug|Any CPU
		{3C8A048B-C1BA-4CB9-9B7B-E7BE086CC206}.Debug|x86.Build.0 = Debug|Any CPU
		{3C8A048B-C1BA-4CB9-9B7B-E7BE086CC206}.Debug|x86.Deploy.0 = Debug|Any CPU
		{3C8A048B-C1BA-4CB9-9B7B-E7BE086CC206}.Release|Any CPU.ActiveCfg = Release|Any CPU
		{3C8A048B-C1BA-4CB9-9B7B-E7BE086CC206}.Release|Any CPU.Build.0 = Release|Any CPU
		{3C8A048B-C1BA-4CB9-9B7B-E7BE086CC206}.Release|Any CPU.Deploy.0 = Release|Any CPU
		{3C8A048B-C1BA-4CB9-9B7B-E7BE086CC206}.Release|ARM.ActiveCfg = Release|Any CPU
		{3C8A048B-C1BA-4CB9-9B7B-E7BE086CC206}.Release|ARM.Build.0 = Release|Any CPU
		{3C8A048B-C1BA-4CB9-9B7B-E7BE086CC206}.Release|ARM.Deploy.0 = Release|Any CPU
		{3C8A048B-C1BA-4CB9-9B7B-E7BE086CC206}.Release|iPhone.ActiveCfg = Release|Any CPU
		{3C8A048B-C1BA-4CB9-9B7B-E7BE086CC206}.Release|iPhone.Build.0 = Release|Any CPU
		{3C8A048B-C1BA-4CB9-9B7B-E7BE086CC206}.Release|iPhone.Deploy.0 = Release|Any CPU
		{3C8A048B-C1BA-4CB9-9B7B-E7BE086CC206}.Release|iPhoneSimulator.ActiveCfg = Release|Any CPU
		{3C8A048B-C1BA-4CB9-9B7B-E7BE086CC206}.Release|iPhoneSimulator.Build.0 = Release|Any CPU
		{3C8A048B-C1BA-4CB9-9B7B-E7BE086CC206}.Release|iPhoneSimulator.Deploy.0 = Release|Any CPU
		{3C8A048B-C1BA-4CB9-9B7B-E7BE086CC206}.Release|x64.ActiveCfg = Release|Any CPU
		{3C8A048B-C1BA-4CB9-9B7B-E7BE086CC206}.Release|x64.Build.0 = Release|Any CPU
		{3C8A048B-C1BA-4CB9-9B7B-E7BE086CC206}.Release|x64.Deploy.0 = Release|Any CPU
		{3C8A048B-C1BA-4CB9-9B7B-E7BE086CC206}.Release|x86.ActiveCfg = Release|Any CPU
		{3C8A048B-C1BA-4CB9-9B7B-E7BE086CC206}.Release|x86.Build.0 = Release|Any CPU
		{3C8A048B-C1BA-4CB9-9B7B-E7BE086CC206}.Release|x86.Deploy.0 = Release|Any CPU
		{0C86D22A-6855-4C9A-A295-5E14B9A8607B}.Debug|Any CPU.ActiveCfg = Debug|iPhoneSimulator
		{0C86D22A-6855-4C9A-A295-5E14B9A8607B}.Debug|Any CPU.Build.0 = Debug|iPhoneSimulator
		{0C86D22A-6855-4C9A-A295-5E14B9A8607B}.Debug|Any CPU.Deploy.0 = Debug|iPhoneSimulator
		{0C86D22A-6855-4C9A-A295-5E14B9A8607B}.Debug|ARM.ActiveCfg = Debug|iPhone
		{0C86D22A-6855-4C9A-A295-5E14B9A8607B}.Debug|ARM.Build.0 = Debug|iPhone
		{0C86D22A-6855-4C9A-A295-5E14B9A8607B}.Debug|ARM.Deploy.0 = Debug|iPhone
		{0C86D22A-6855-4C9A-A295-5E14B9A8607B}.Debug|iPhone.ActiveCfg = Debug|iPhone
		{0C86D22A-6855-4C9A-A295-5E14B9A8607B}.Debug|iPhone.Build.0 = Debug|iPhone
		{0C86D22A-6855-4C9A-A295-5E14B9A8607B}.Debug|iPhone.Deploy.0 = Debug|iPhone
		{0C86D22A-6855-4C9A-A295-5E14B9A8607B}.Debug|iPhoneSimulator.ActiveCfg = Debug|iPhoneSimulator
		{0C86D22A-6855-4C9A-A295-5E14B9A8607B}.Debug|iPhoneSimulator.Build.0 = Debug|iPhoneSimulator
		{0C86D22A-6855-4C9A-A295-5E14B9A8607B}.Debug|iPhoneSimulator.Deploy.0 = Debug|iPhoneSimulator
		{0C86D22A-6855-4C9A-A295-5E14B9A8607B}.Debug|x64.ActiveCfg = Debug|iPhoneSimulator
		{0C86D22A-6855-4C9A-A295-5E14B9A8607B}.Debug|x64.Build.0 = Debug|iPhoneSimulator
		{0C86D22A-6855-4C9A-A295-5E14B9A8607B}.Debug|x64.Deploy.0 = Debug|iPhoneSimulator
		{0C86D22A-6855-4C9A-A295-5E14B9A8607B}.Debug|x86.ActiveCfg = Debug|iPhoneSimulator
		{0C86D22A-6855-4C9A-A295-5E14B9A8607B}.Debug|x86.Build.0 = Debug|iPhoneSimulator
		{0C86D22A-6855-4C9A-A295-5E14B9A8607B}.Debug|x86.Deploy.0 = Debug|iPhoneSimulator
		{0C86D22A-6855-4C9A-A295-5E14B9A8607B}.Release|Any CPU.ActiveCfg = Release|iPhoneSimulator
		{0C86D22A-6855-4C9A-A295-5E14B9A8607B}.Release|Any CPU.Build.0 = Release|iPhoneSimulator
		{0C86D22A-6855-4C9A-A295-5E14B9A8607B}.Release|Any CPU.Deploy.0 = Release|iPhoneSimulator
		{0C86D22A-6855-4C9A-A295-5E14B9A8607B}.Release|ARM.ActiveCfg = Release|iPhoneSimulator
		{0C86D22A-6855-4C9A-A295-5E14B9A8607B}.Release|ARM.Build.0 = Release|iPhoneSimulator
		{0C86D22A-6855-4C9A-A295-5E14B9A8607B}.Release|ARM.Deploy.0 = Release|iPhoneSimulator
		{0C86D22A-6855-4C9A-A295-5E14B9A8607B}.Release|iPhone.ActiveCfg = Release|iPhone
		{0C86D22A-6855-4C9A-A295-5E14B9A8607B}.Release|iPhone.Build.0 = Release|iPhone
		{0C86D22A-6855-4C9A-A295-5E14B9A8607B}.Release|iPhone.Deploy.0 = Release|iPhone
		{0C86D22A-6855-4C9A-A295-5E14B9A8607B}.Release|iPhoneSimulator.ActiveCfg = Release|iPhoneSimulator
		{0C86D22A-6855-4C9A-A295-5E14B9A8607B}.Release|iPhoneSimulator.Build.0 = Release|iPhoneSimulator
		{0C86D22A-6855-4C9A-A295-5E14B9A8607B}.Release|iPhoneSimulator.Deploy.0 = Release|iPhoneSimulator
		{0C86D22A-6855-4C9A-A295-5E14B9A8607B}.Release|x64.ActiveCfg = Release|iPhoneSimulator
		{0C86D22A-6855-4C9A-A295-5E14B9A8607B}.Release|x64.Build.0 = Release|iPhoneSimulator
		{0C86D22A-6855-4C9A-A295-5E14B9A8607B}.Release|x64.Deploy.0 = Release|iPhoneSimulator
		{0C86D22A-6855-4C9A-A295-5E14B9A8607B}.Release|x86.ActiveCfg = Release|iPhoneSimulator
		{0C86D22A-6855-4C9A-A295-5E14B9A8607B}.Release|x86.Build.0 = Release|iPhoneSimulator
		{0C86D22A-6855-4C9A-A295-5E14B9A8607B}.Release|x86.Deploy.0 = Release|iPhoneSimulator
		{741A0A9E-344C-469B-AAAE-2C916E6D86B1}.Debug|Any CPU.ActiveCfg = Debug|Any CPU
		{741A0A9E-344C-469B-AAAE-2C916E6D86B1}.Debug|Any CPU.Build.0 = Debug|Any CPU
		{741A0A9E-344C-469B-AAAE-2C916E6D86B1}.Debug|Any CPU.Deploy.0 = Debug|Any CPU
		{741A0A9E-344C-469B-AAAE-2C916E6D86B1}.Debug|ARM.ActiveCfg = Debug|Any CPU
		{741A0A9E-344C-469B-AAAE-2C916E6D86B1}.Debug|ARM.Build.0 = Debug|Any CPU
		{741A0A9E-344C-469B-AAAE-2C916E6D86B1}.Debug|ARM.Deploy.0 = Debug|Any CPU
		{741A0A9E-344C-469B-AAAE-2C916E6D86B1}.Debug|iPhone.ActiveCfg = Debug|Any CPU
		{741A0A9E-344C-469B-AAAE-2C916E6D86B1}.Debug|iPhone.Build.0 = Debug|Any CPU
		{741A0A9E-344C-469B-AAAE-2C916E6D86B1}.Debug|iPhone.Deploy.0 = Debug|Any CPU
		{741A0A9E-344C-469B-AAAE-2C916E6D86B1}.Debug|iPhoneSimulator.ActiveCfg = Debug|Any CPU
		{741A0A9E-344C-469B-AAAE-2C916E6D86B1}.Debug|iPhoneSimulator.Build.0 = Debug|Any CPU
		{741A0A9E-344C-469B-AAAE-2C916E6D86B1}.Debug|iPhoneSimulator.Deploy.0 = Debug|Any CPU
		{741A0A9E-344C-469B-AAAE-2C916E6D86B1}.Debug|x64.ActiveCfg = Debug|Any CPU
		{741A0A9E-344C-469B-AAAE-2C916E6D86B1}.Debug|x64.Build.0 = Debug|Any CPU
		{741A0A9E-344C-469B-AAAE-2C916E6D86B1}.Debug|x64.Deploy.0 = Debug|Any CPU
		{741A0A9E-344C-469B-AAAE-2C916E6D86B1}.Debug|x86.ActiveCfg = Debug|Any CPU
		{741A0A9E-344C-469B-AAAE-2C916E6D86B1}.Debug|x86.Build.0 = Debug|Any CPU
		{741A0A9E-344C-469B-AAAE-2C916E6D86B1}.Debug|x86.Deploy.0 = Debug|Any CPU
		{741A0A9E-344C-469B-AAAE-2C916E6D86B1}.Release|Any CPU.ActiveCfg = Release|Any CPU
		{741A0A9E-344C-469B-AAAE-2C916E6D86B1}.Release|Any CPU.Build.0 = Release|Any CPU
		{741A0A9E-344C-469B-AAAE-2C916E6D86B1}.Release|Any CPU.Deploy.0 = Release|Any CPU
		{741A0A9E-344C-469B-AAAE-2C916E6D86B1}.Release|ARM.ActiveCfg = Release|Any CPU
		{741A0A9E-344C-469B-AAAE-2C916E6D86B1}.Release|ARM.Build.0 = Release|Any CPU
		{741A0A9E-344C-469B-AAAE-2C916E6D86B1}.Release|ARM.Deploy.0 = Release|Any CPU
		{741A0A9E-344C-469B-AAAE-2C916E6D86B1}.Release|iPhone.ActiveCfg = Release|Any CPU
		{741A0A9E-344C-469B-AAAE-2C916E6D86B1}.Release|iPhone.Build.0 = Release|Any CPU
		{741A0A9E-344C-469B-AAAE-2C916E6D86B1}.Release|iPhone.Deploy.0 = Release|Any CPU
		{741A0A9E-344C-469B-AAAE-2C916E6D86B1}.Release|iPhoneSimulator.ActiveCfg = Release|Any CPU
		{741A0A9E-344C-469B-AAAE-2C916E6D86B1}.Release|iPhoneSimulator.Build.0 = Release|Any CPU
		{741A0A9E-344C-469B-AAAE-2C916E6D86B1}.Release|iPhoneSimulator.Deploy.0 = Release|Any CPU
		{741A0A9E-344C-469B-AAAE-2C916E6D86B1}.Release|x64.ActiveCfg = Release|Any CPU
		{741A0A9E-344C-469B-AAAE-2C916E6D86B1}.Release|x64.Build.0 = Release|Any CPU
		{741A0A9E-344C-469B-AAAE-2C916E6D86B1}.Release|x64.Deploy.0 = Release|Any CPU
		{741A0A9E-344C-469B-AAAE-2C916E6D86B1}.Release|x86.ActiveCfg = Release|Any CPU
		{741A0A9E-344C-469B-AAAE-2C916E6D86B1}.Release|x86.Build.0 = Release|Any CPU
		{741A0A9E-344C-469B-AAAE-2C916E6D86B1}.Release|x86.Deploy.0 = Release|Any CPU
		{7A628404-EC3A-4DAD-A8A5-D20716B54BB6}.Debug|Any CPU.ActiveCfg = Debug|Any CPU
		{7A628404-EC3A-4DAD-A8A5-D20716B54BB6}.Debug|Any CPU.Build.0 = Debug|Any CPU
		{7A628404-EC3A-4DAD-A8A5-D20716B54BB6}.Debug|ARM.ActiveCfg = Debug|Any CPU
		{7A628404-EC3A-4DAD-A8A5-D20716B54BB6}.Debug|ARM.Build.0 = Debug|Any CPU
		{7A628404-EC3A-4DAD-A8A5-D20716B54BB6}.Debug|iPhone.ActiveCfg = Debug|Any CPU
		{7A628404-EC3A-4DAD-A8A5-D20716B54BB6}.Debug|iPhone.Build.0 = Debug|Any CPU
		{7A628404-EC3A-4DAD-A8A5-D20716B54BB6}.Debug|iPhoneSimulator.ActiveCfg = Debug|Any CPU
		{7A628404-EC3A-4DAD-A8A5-D20716B54BB6}.Debug|iPhoneSimulator.Build.0 = Debug|Any CPU
		{7A628404-EC3A-4DAD-A8A5-D20716B54BB6}.Debug|x64.ActiveCfg = Debug|Any CPU
		{7A628404-EC3A-4DAD-A8A5-D20716B54BB6}.Debug|x64.Build.0 = Debug|Any CPU
		{7A628404-EC3A-4DAD-A8A5-D20716B54BB6}.Debug|x86.ActiveCfg = Debug|Any CPU
		{7A628404-EC3A-4DAD-A8A5-D20716B54BB6}.Debug|x86.Build.0 = Debug|Any CPU
		{7A628404-EC3A-4DAD-A8A5-D20716B54BB6}.Release|Any CPU.ActiveCfg = Release|Any CPU
		{7A628404-EC3A-4DAD-A8A5-D20716B54BB6}.Release|Any CPU.Build.0 = Release|Any CPU
		{7A628404-EC3A-4DAD-A8A5-D20716B54BB6}.Release|ARM.ActiveCfg = Release|Any CPU
		{7A628404-EC3A-4DAD-A8A5-D20716B54BB6}.Release|ARM.Build.0 = Release|Any CPU
		{7A628404-EC3A-4DAD-A8A5-D20716B54BB6}.Release|iPhone.ActiveCfg = Release|Any CPU
		{7A628404-EC3A-4DAD-A8A5-D20716B54BB6}.Release|iPhone.Build.0 = Release|Any CPU
		{7A628404-EC3A-4DAD-A8A5-D20716B54BB6}.Release|iPhoneSimulator.ActiveCfg = Release|Any CPU
		{7A628404-EC3A-4DAD-A8A5-D20716B54BB6}.Release|iPhoneSimulator.Build.0 = Release|Any CPU
		{7A628404-EC3A-4DAD-A8A5-D20716B54BB6}.Release|x64.ActiveCfg = Release|Any CPU
		{7A628404-EC3A-4DAD-A8A5-D20716B54BB6}.Release|x64.Build.0 = Release|Any CPU
		{7A628404-EC3A-4DAD-A8A5-D20716B54BB6}.Release|x86.ActiveCfg = Release|Any CPU
		{7A628404-EC3A-4DAD-A8A5-D20716B54BB6}.Release|x86.Build.0 = Release|Any CPU
		{66AC323C-16BB-4069-84DC-E669EEE6FD97}.Debug|Any CPU.ActiveCfg = Debug|Any CPU
		{66AC323C-16BB-4069-84DC-E669EEE6FD97}.Debug|Any CPU.Build.0 = Debug|Any CPU
		{66AC323C-16BB-4069-84DC-E669EEE6FD97}.Debug|ARM.ActiveCfg = Debug|Any CPU
		{66AC323C-16BB-4069-84DC-E669EEE6FD97}.Debug|ARM.Build.0 = Debug|Any CPU
		{66AC323C-16BB-4069-84DC-E669EEE6FD97}.Debug|iPhone.ActiveCfg = Debug|Any CPU
		{66AC323C-16BB-4069-84DC-E669EEE6FD97}.Debug|iPhone.Build.0 = Debug|Any CPU
		{66AC323C-16BB-4069-84DC-E669EEE6FD97}.Debug|iPhoneSimulator.ActiveCfg = Debug|Any CPU
		{66AC323C-16BB-4069-84DC-E669EEE6FD97}.Debug|iPhoneSimulator.Build.0 = Debug|Any CPU
		{66AC323C-16BB-4069-84DC-E669EEE6FD97}.Debug|x64.ActiveCfg = Debug|Any CPU
		{66AC323C-16BB-4069-84DC-E669EEE6FD97}.Debug|x64.Build.0 = Debug|Any CPU
		{66AC323C-16BB-4069-84DC-E669EEE6FD97}.Debug|x86.ActiveCfg = Debug|Any CPU
		{66AC323C-16BB-4069-84DC-E669EEE6FD97}.Debug|x86.Build.0 = Debug|Any CPU
		{66AC323C-16BB-4069-84DC-E669EEE6FD97}.Release|Any CPU.ActiveCfg = Release|Any CPU
		{66AC323C-16BB-4069-84DC-E669EEE6FD97}.Release|Any CPU.Build.0 = Release|Any CPU
		{66AC323C-16BB-4069-84DC-E669EEE6FD97}.Release|ARM.ActiveCfg = Release|Any CPU
		{66AC323C-16BB-4069-84DC-E669EEE6FD97}.Release|ARM.Build.0 = Release|Any CPU
		{66AC323C-16BB-4069-84DC-E669EEE6FD97}.Release|iPhone.ActiveCfg = Release|Any CPU
		{66AC323C-16BB-4069-84DC-E669EEE6FD97}.Release|iPhone.Build.0 = Release|Any CPU
		{66AC323C-16BB-4069-84DC-E669EEE6FD97}.Release|iPhoneSimulator.ActiveCfg = Release|Any CPU
		{66AC323C-16BB-4069-84DC-E669EEE6FD97}.Release|iPhoneSimulator.Build.0 = Release|Any CPU
		{66AC323C-16BB-4069-84DC-E669EEE6FD97}.Release|x64.ActiveCfg = Release|Any CPU
		{66AC323C-16BB-4069-84DC-E669EEE6FD97}.Release|x64.Build.0 = Release|Any CPU
		{66AC323C-16BB-4069-84DC-E669EEE6FD97}.Release|x86.ActiveCfg = Release|Any CPU
		{66AC323C-16BB-4069-84DC-E669EEE6FD97}.Release|x86.Build.0 = Release|Any CPU
		{4A3C93A4-1E9D-4EB8-AC7C-A977D62583DE}.Debug|Any CPU.ActiveCfg = Debug|Any CPU
		{4A3C93A4-1E9D-4EB8-AC7C-A977D62583DE}.Debug|Any CPU.Build.0 = Debug|Any CPU
		{4A3C93A4-1E9D-4EB8-AC7C-A977D62583DE}.Debug|ARM.ActiveCfg = Debug|Any CPU
		{4A3C93A4-1E9D-4EB8-AC7C-A977D62583DE}.Debug|ARM.Build.0 = Debug|Any CPU
		{4A3C93A4-1E9D-4EB8-AC7C-A977D62583DE}.Debug|iPhone.ActiveCfg = Debug|Any CPU
		{4A3C93A4-1E9D-4EB8-AC7C-A977D62583DE}.Debug|iPhone.Build.0 = Debug|Any CPU
		{4A3C93A4-1E9D-4EB8-AC7C-A977D62583DE}.Debug|iPhoneSimulator.ActiveCfg = Debug|Any CPU
		{4A3C93A4-1E9D-4EB8-AC7C-A977D62583DE}.Debug|iPhoneSimulator.Build.0 = Debug|Any CPU
		{4A3C93A4-1E9D-4EB8-AC7C-A977D62583DE}.Debug|x64.ActiveCfg = Debug|Any CPU
		{4A3C93A4-1E9D-4EB8-AC7C-A977D62583DE}.Debug|x64.Build.0 = Debug|Any CPU
		{4A3C93A4-1E9D-4EB8-AC7C-A977D62583DE}.Debug|x86.ActiveCfg = Debug|Any CPU
		{4A3C93A4-1E9D-4EB8-AC7C-A977D62583DE}.Debug|x86.Build.0 = Debug|Any CPU
		{4A3C93A4-1E9D-4EB8-AC7C-A977D62583DE}.Release|Any CPU.ActiveCfg = Release|Any CPU
		{4A3C93A4-1E9D-4EB8-AC7C-A977D62583DE}.Release|Any CPU.Build.0 = Release|Any CPU
		{4A3C93A4-1E9D-4EB8-AC7C-A977D62583DE}.Release|ARM.ActiveCfg = Release|Any CPU
		{4A3C93A4-1E9D-4EB8-AC7C-A977D62583DE}.Release|ARM.Build.0 = Release|Any CPU
		{4A3C93A4-1E9D-4EB8-AC7C-A977D62583DE}.Release|iPhone.ActiveCfg = Release|Any CPU
		{4A3C93A4-1E9D-4EB8-AC7C-A977D62583DE}.Release|iPhone.Build.0 = Release|Any CPU
		{4A3C93A4-1E9D-4EB8-AC7C-A977D62583DE}.Release|iPhoneSimulator.ActiveCfg = Release|Any CPU
		{4A3C93A4-1E9D-4EB8-AC7C-A977D62583DE}.Release|iPhoneSimulator.Build.0 = Release|Any CPU
		{4A3C93A4-1E9D-4EB8-AC7C-A977D62583DE}.Release|x64.ActiveCfg = Release|Any CPU
		{4A3C93A4-1E9D-4EB8-AC7C-A977D62583DE}.Release|x64.Build.0 = Release|Any CPU
		{4A3C93A4-1E9D-4EB8-AC7C-A977D62583DE}.Release|x86.ActiveCfg = Release|Any CPU
		{4A3C93A4-1E9D-4EB8-AC7C-A977D62583DE}.Release|x86.Build.0 = Release|Any CPU
		{83C285B7-1913-490A-8694-3651ADF02943}.Debug|Any CPU.ActiveCfg = Debug|Any CPU
		{83C285B7-1913-490A-8694-3651ADF02943}.Debug|Any CPU.Build.0 = Debug|Any CPU
		{83C285B7-1913-490A-8694-3651ADF02943}.Debug|ARM.ActiveCfg = Debug|Any CPU
		{83C285B7-1913-490A-8694-3651ADF02943}.Debug|ARM.Build.0 = Debug|Any CPU
		{83C285B7-1913-490A-8694-3651ADF02943}.Debug|iPhone.ActiveCfg = Debug|Any CPU
		{83C285B7-1913-490A-8694-3651ADF02943}.Debug|iPhone.Build.0 = Debug|Any CPU
		{83C285B7-1913-490A-8694-3651ADF02943}.Debug|iPhoneSimulator.ActiveCfg = Debug|Any CPU
		{83C285B7-1913-490A-8694-3651ADF02943}.Debug|iPhoneSimulator.Build.0 = Debug|Any CPU
		{83C285B7-1913-490A-8694-3651ADF02943}.Debug|x64.ActiveCfg = Debug|Any CPU
		{83C285B7-1913-490A-8694-3651ADF02943}.Debug|x64.Build.0 = Debug|Any CPU
		{83C285B7-1913-490A-8694-3651ADF02943}.Debug|x86.ActiveCfg = Debug|Any CPU
		{83C285B7-1913-490A-8694-3651ADF02943}.Debug|x86.Build.0 = Debug|Any CPU
		{83C285B7-1913-490A-8694-3651ADF02943}.Release|Any CPU.ActiveCfg = Release|Any CPU
		{83C285B7-1913-490A-8694-3651ADF02943}.Release|Any CPU.Build.0 = Release|Any CPU
		{83C285B7-1913-490A-8694-3651ADF02943}.Release|ARM.ActiveCfg = Release|Any CPU
		{83C285B7-1913-490A-8694-3651ADF02943}.Release|ARM.Build.0 = Release|Any CPU
		{83C285B7-1913-490A-8694-3651ADF02943}.Release|iPhone.ActiveCfg = Release|Any CPU
		{83C285B7-1913-490A-8694-3651ADF02943}.Release|iPhone.Build.0 = Release|Any CPU
		{83C285B7-1913-490A-8694-3651ADF02943}.Release|iPhoneSimulator.ActiveCfg = Release|Any CPU
		{83C285B7-1913-490A-8694-3651ADF02943}.Release|iPhoneSimulator.Build.0 = Release|Any CPU
		{83C285B7-1913-490A-8694-3651ADF02943}.Release|x64.ActiveCfg = Release|Any CPU
		{83C285B7-1913-490A-8694-3651ADF02943}.Release|x64.Build.0 = Release|Any CPU
		{83C285B7-1913-490A-8694-3651ADF02943}.Release|x86.ActiveCfg = Release|Any CPU
		{83C285B7-1913-490A-8694-3651ADF02943}.Release|x86.Build.0 = Release|Any CPU
		{3A7D4A97-A1F4-4E42-8CE9-DC5F4B157FE5}.Debug|Any CPU.ActiveCfg = Debug|Any CPU
		{3A7D4A97-A1F4-4E42-8CE9-DC5F4B157FE5}.Debug|Any CPU.Build.0 = Debug|Any CPU
		{3A7D4A97-A1F4-4E42-8CE9-DC5F4B157FE5}.Debug|ARM.ActiveCfg = Debug|Any CPU
		{3A7D4A97-A1F4-4E42-8CE9-DC5F4B157FE5}.Debug|ARM.Build.0 = Debug|Any CPU
		{3A7D4A97-A1F4-4E42-8CE9-DC5F4B157FE5}.Debug|iPhone.ActiveCfg = Debug|Any CPU
		{3A7D4A97-A1F4-4E42-8CE9-DC5F4B157FE5}.Debug|iPhone.Build.0 = Debug|Any CPU
		{3A7D4A97-A1F4-4E42-8CE9-DC5F4B157FE5}.Debug|iPhoneSimulator.ActiveCfg = Debug|Any CPU
		{3A7D4A97-A1F4-4E42-8CE9-DC5F4B157FE5}.Debug|iPhoneSimulator.Build.0 = Debug|Any CPU
		{3A7D4A97-A1F4-4E42-8CE9-DC5F4B157FE5}.Debug|x64.ActiveCfg = Debug|Any CPU
		{3A7D4A97-A1F4-4E42-8CE9-DC5F4B157FE5}.Debug|x64.Build.0 = Debug|Any CPU
		{3A7D4A97-A1F4-4E42-8CE9-DC5F4B157FE5}.Debug|x86.ActiveCfg = Debug|Any CPU
		{3A7D4A97-A1F4-4E42-8CE9-DC5F4B157FE5}.Debug|x86.Build.0 = Debug|Any CPU
		{3A7D4A97-A1F4-4E42-8CE9-DC5F4B157FE5}.Release|Any CPU.ActiveCfg = Release|Any CPU
		{3A7D4A97-A1F4-4E42-8CE9-DC5F4B157FE5}.Release|Any CPU.Build.0 = Release|Any CPU
		{3A7D4A97-A1F4-4E42-8CE9-DC5F4B157FE5}.Release|ARM.ActiveCfg = Release|Any CPU
		{3A7D4A97-A1F4-4E42-8CE9-DC5F4B157FE5}.Release|ARM.Build.0 = Release|Any CPU
		{3A7D4A97-A1F4-4E42-8CE9-DC5F4B157FE5}.Release|iPhone.ActiveCfg = Release|Any CPU
		{3A7D4A97-A1F4-4E42-8CE9-DC5F4B157FE5}.Release|iPhone.Build.0 = Release|Any CPU
		{3A7D4A97-A1F4-4E42-8CE9-DC5F4B157FE5}.Release|iPhoneSimulator.ActiveCfg = Release|Any CPU
		{3A7D4A97-A1F4-4E42-8CE9-DC5F4B157FE5}.Release|iPhoneSimulator.Build.0 = Release|Any CPU
		{3A7D4A97-A1F4-4E42-8CE9-DC5F4B157FE5}.Release|x64.ActiveCfg = Release|Any CPU
		{3A7D4A97-A1F4-4E42-8CE9-DC5F4B157FE5}.Release|x64.Build.0 = Release|Any CPU
		{3A7D4A97-A1F4-4E42-8CE9-DC5F4B157FE5}.Release|x86.ActiveCfg = Release|Any CPU
		{3A7D4A97-A1F4-4E42-8CE9-DC5F4B157FE5}.Release|x86.Build.0 = Release|Any CPU
		{7B096578-8C07-4D8F-A9D9-9207E82DA0DB}.Debug|Any CPU.ActiveCfg = Debug|Any CPU
		{7B096578-8C07-4D8F-A9D9-9207E82DA0DB}.Debug|Any CPU.Build.0 = Debug|Any CPU
		{7B096578-8C07-4D8F-A9D9-9207E82DA0DB}.Debug|ARM.ActiveCfg = Debug|Any CPU
		{7B096578-8C07-4D8F-A9D9-9207E82DA0DB}.Debug|ARM.Build.0 = Debug|Any CPU
		{7B096578-8C07-4D8F-A9D9-9207E82DA0DB}.Debug|iPhone.ActiveCfg = Debug|Any CPU
		{7B096578-8C07-4D8F-A9D9-9207E82DA0DB}.Debug|iPhone.Build.0 = Debug|Any CPU
		{7B096578-8C07-4D8F-A9D9-9207E82DA0DB}.Debug|iPhoneSimulator.ActiveCfg = Debug|Any CPU
		{7B096578-8C07-4D8F-A9D9-9207E82DA0DB}.Debug|iPhoneSimulator.Build.0 = Debug|Any CPU
		{7B096578-8C07-4D8F-A9D9-9207E82DA0DB}.Debug|x64.ActiveCfg = Debug|Any CPU
		{7B096578-8C07-4D8F-A9D9-9207E82DA0DB}.Debug|x64.Build.0 = Debug|Any CPU
		{7B096578-8C07-4D8F-A9D9-9207E82DA0DB}.Debug|x86.ActiveCfg = Debug|Any CPU
		{7B096578-8C07-4D8F-A9D9-9207E82DA0DB}.Debug|x86.Build.0 = Debug|Any CPU
		{7B096578-8C07-4D8F-A9D9-9207E82DA0DB}.Release|Any CPU.ActiveCfg = Release|Any CPU
		{7B096578-8C07-4D8F-A9D9-9207E82DA0DB}.Release|Any CPU.Build.0 = Release|Any CPU
		{7B096578-8C07-4D8F-A9D9-9207E82DA0DB}.Release|ARM.ActiveCfg = Release|Any CPU
		{7B096578-8C07-4D8F-A9D9-9207E82DA0DB}.Release|ARM.Build.0 = Release|Any CPU
		{7B096578-8C07-4D8F-A9D9-9207E82DA0DB}.Release|iPhone.ActiveCfg = Release|Any CPU
		{7B096578-8C07-4D8F-A9D9-9207E82DA0DB}.Release|iPhone.Build.0 = Release|Any CPU
		{7B096578-8C07-4D8F-A9D9-9207E82DA0DB}.Release|iPhoneSimulator.ActiveCfg = Release|Any CPU
		{7B096578-8C07-4D8F-A9D9-9207E82DA0DB}.Release|iPhoneSimulator.Build.0 = Release|Any CPU
		{7B096578-8C07-4D8F-A9D9-9207E82DA0DB}.Release|x64.ActiveCfg = Release|Any CPU
		{7B096578-8C07-4D8F-A9D9-9207E82DA0DB}.Release|x64.Build.0 = Release|Any CPU
		{7B096578-8C07-4D8F-A9D9-9207E82DA0DB}.Release|x86.ActiveCfg = Release|Any CPU
		{7B096578-8C07-4D8F-A9D9-9207E82DA0DB}.Release|x86.Build.0 = Release|Any CPU
		{A63E4BA8-02D9-4EE4-A68D-AC500C6D2F47}.Debug|Any CPU.ActiveCfg = Debug|Any CPU
		{A63E4BA8-02D9-4EE4-A68D-AC500C6D2F47}.Debug|Any CPU.Build.0 = Debug|Any CPU
		{A63E4BA8-02D9-4EE4-A68D-AC500C6D2F47}.Debug|ARM.ActiveCfg = Debug|Any CPU
		{A63E4BA8-02D9-4EE4-A68D-AC500C6D2F47}.Debug|ARM.Build.0 = Debug|Any CPU
		{A63E4BA8-02D9-4EE4-A68D-AC500C6D2F47}.Debug|iPhone.ActiveCfg = Debug|Any CPU
		{A63E4BA8-02D9-4EE4-A68D-AC500C6D2F47}.Debug|iPhone.Build.0 = Debug|Any CPU
		{A63E4BA8-02D9-4EE4-A68D-AC500C6D2F47}.Debug|iPhoneSimulator.ActiveCfg = Debug|Any CPU
		{A63E4BA8-02D9-4EE4-A68D-AC500C6D2F47}.Debug|iPhoneSimulator.Build.0 = Debug|Any CPU
		{A63E4BA8-02D9-4EE4-A68D-AC500C6D2F47}.Debug|x64.ActiveCfg = Debug|Any CPU
		{A63E4BA8-02D9-4EE4-A68D-AC500C6D2F47}.Debug|x64.Build.0 = Debug|Any CPU
		{A63E4BA8-02D9-4EE4-A68D-AC500C6D2F47}.Debug|x86.ActiveCfg = Debug|x86
		{A63E4BA8-02D9-4EE4-A68D-AC500C6D2F47}.Debug|x86.Build.0 = Debug|x86
		{A63E4BA8-02D9-4EE4-A68D-AC500C6D2F47}.Release|Any CPU.ActiveCfg = Release|Any CPU
		{A63E4BA8-02D9-4EE4-A68D-AC500C6D2F47}.Release|Any CPU.Build.0 = Release|Any CPU
		{A63E4BA8-02D9-4EE4-A68D-AC500C6D2F47}.Release|ARM.ActiveCfg = Release|Any CPU
		{A63E4BA8-02D9-4EE4-A68D-AC500C6D2F47}.Release|ARM.Build.0 = Release|Any CPU
		{A63E4BA8-02D9-4EE4-A68D-AC500C6D2F47}.Release|iPhone.ActiveCfg = Release|Any CPU
		{A63E4BA8-02D9-4EE4-A68D-AC500C6D2F47}.Release|iPhone.Build.0 = Release|Any CPU
		{A63E4BA8-02D9-4EE4-A68D-AC500C6D2F47}.Release|iPhoneSimulator.ActiveCfg = Release|Any CPU
		{A63E4BA8-02D9-4EE4-A68D-AC500C6D2F47}.Release|iPhoneSimulator.Build.0 = Release|Any CPU
		{A63E4BA8-02D9-4EE4-A68D-AC500C6D2F47}.Release|x64.ActiveCfg = Release|Any CPU
		{A63E4BA8-02D9-4EE4-A68D-AC500C6D2F47}.Release|x64.Build.0 = Release|Any CPU
		{A63E4BA8-02D9-4EE4-A68D-AC500C6D2F47}.Release|x86.ActiveCfg = Release|x86
		{A63E4BA8-02D9-4EE4-A68D-AC500C6D2F47}.Release|x86.Build.0 = Release|x86
	EndGlobalSection
	GlobalSection(SolutionProperties) = preSolution
		HideSolutionNode = FALSE
	EndGlobalSection
	GlobalSection(ExtensibilityGlobals) = postSolution
		SolutionGuid = {4BF0AE3A-434C-49FE-9764-657023304779}
	EndGlobalSection
EndGlobal
